
Microsoft Visual Studio Solution File, Format Version 12.00
# Visual Studio 15
VisualStudioVersion = 15.0.26430.15
MinimumVisualStudioVersion = 10.0.40219.1
Project("{9A19103F-16F7-4668-BE54-9A1E7A4F7556}") = "OnePlat.DiceNotation", "OnePlat.DiceNotation\OnePlat.DiceNotation.csproj", "{2D92E170-B983-4925-8445-72BD0BA9545C}"
EndProject
Project("{FAE04EC0-301F-11D3-BF4B-00C04F79EFBC}") = "OnePlat.DiceNotation.UnitTests", "OnePlat.DiceNotation.UnitTests\OnePlat.DiceNotation.UnitTests.csproj", "{8D1CC648-10DC-47CF-A052-CD203B8684DC}"
EndProject
Project("{9A19103F-16F7-4668-BE54-9A1E7A4F7556}") = "OnePlat.DiceNotation.CommandLine", "OnePlat.DiceNotation.CommandLine\OnePlat.DiceNotation.CommandLine.csproj", "{3C3ECE77-F290-4ADC-A036-AFE3516994B6}"
EndProject
Project("{FAE04EC0-301F-11D3-BF4B-00C04F79EFBC}") = "OnePlat.DiceNotation.CommandLine.UnitTests", "OnePlat.DiceNotation.CommandLine.UnitTests\OnePlat.DiceNotation.CommandLine.UnitTests.csproj", "{51076103-0BEB-4A07-B092-EA37DBE02FC2}"
EndProject
Global
	GlobalSection(SolutionConfigurationPlatforms) = preSolution
		Debug|Any CPU = Debug|Any CPU
		Release|Any CPU = Release|Any CPU
	EndGlobalSection
	GlobalSection(ProjectConfigurationPlatforms) = postSolution
		{2D92E170-B983-4925-8445-72BD0BA9545C}.Debug|Any CPU.ActiveCfg = Debug|Any CPU
		{2D92E170-B983-4925-8445-72BD0BA9545C}.Debug|Any CPU.Build.0 = Debug|Any CPU
		{2D92E170-B983-4925-8445-72BD0BA9545C}.Release|Any CPU.ActiveCfg = Release|Any CPU
		{2D92E170-B983-4925-8445-72BD0BA9545C}.Release|Any CPU.Build.0 = Release|Any CPU
		{8D1CC648-10DC-47CF-A052-CD203B8684DC}.Debug|Any CPU.ActiveCfg = Debug|Any CPU
		{8D1CC648-10DC-47CF-A052-CD203B8684DC}.Debug|Any CPU.Build.0 = Debug|Any CPU
		{8D1CC648-10DC-47CF-A052-CD203B8684DC}.Release|Any CPU.ActiveCfg = Release|Any CPU
		{8D1CC648-10DC-47CF-A052-CD203B8684DC}.Release|Any CPU.Build.0 = Release|Any CPU
		{3C3ECE77-F290-4ADC-A036-AFE3516994B6}.Debug|Any CPU.ActiveCfg = Debug|Any CPU
		{3C3ECE77-F290-4ADC-A036-AFE3516994B6}.Debug|Any CPU.Build.0 = Debug|Any CPU
		{3C3ECE77-F290-4ADC-A036-AFE3516994B6}.Release|Any CPU.ActiveCfg = Release|Any CPU
		{3C3ECE77-F290-4ADC-A036-AFE3516994B6}.Release|Any CPU.Build.0 = Release|Any CPU
		{51076103-0BEB-4A07-B092-EA37DBE02FC2}.Debug|Any CPU.ActiveCfg = Debug|Any CPU
		{51076103-0BEB-4A07-B092-EA37DBE02FC2}.Debug|Any CPU.Build.0 = Debug|Any CPU
		{51076103-0BEB-4A07-B092-EA37DBE02FC2}.Release|Any CPU.ActiveCfg = Release|Any CPU
		{51076103-0BEB-4A07-B092-EA37DBE02FC2}.Release|Any CPU.Build.0 = Release|Any CPU
	EndGlobalSection
	GlobalSection(SolutionProperties) = preSolution
		HideSolutionNode = FALSE
	EndGlobalSection
EndGlobal
